# This file was autogenerated by uv via the following command:
#    uv pip compile requirements.txt -o requirements.lock
certifi==2026.2.25
    # via
    #   -r requirements.txt
    #   requests
cffi==2.0.0
    # via
    #   -r requirements.txt
    #   sounddevice
    #   vosk
charset-normalizer==3.4.7
    # via
    #   -r requirements.txt
    #   requests
colorama==0.4.6
    # via tqdm
future==1.0.0
    # via -r requirements.txt
idna==3.11
    # via
    #   -r requirements.txt
    #   requests
iso8601==2.1.0
    # via -r requirements.txt
numpy==2.4.4
    # via -r requirements.txt
pycparser==3.0
    # via
    #   -r requirements.txt
    #   cffi
pyserial==3.5
    # via -r requirements.txt
pyyaml==6.0.3
    # via -r requirements.txt
requests==2.33.1
    # via
    #   -r requirements.txt
    #   vosk
sounddevice==0.5.5
    # via -r requirements.txt
srt==3.5.3
    # via
    #   -r requirements.txt
    #   vosk
tqdm==4.67.3
    # via
    #   -r requirements.txt
    #   vosk
urllib3==2.6.3
    # via
    #   -r requirements.txt
    #   requests
vosk==0.3.45
    # via -r requirements.txt
websockets==16.0
    # via
    #   -r requirements.txt
    #   vosk
